
Microsoft Visual Studio Solution File, Format Version 12.00
# Visual Studio Version 17
VisualStudioVersion = 17.14.36930.0 d17.14
MinimumVisualStudioVersion = 10.0.40219.1
Project("{FAE04EC0-301F-11D3-BF4B-00C04F79EFBC}") = "XPTOBusiness", "XPTOBusiness.csproj", "{8DA4F3F8-E90E-43F6-BD39-33BC30C0E93B}"
EndProject
Global
	GlobalSection(SolutionConfigurationPlatforms) = preSolution
		Debug|Any CPU = Debug|Any CPU
		Release|Any CPU = Release|Any CPU
	EndGlobalSection
	GlobalSection(ProjectConfigurationPlatforms) = postSolution
		{8DA4F3F8-E90E-43F6-BD39-33BC30C0E93B}.Debug|Any CPU.ActiveCfg = Debug|Any CPU
		{8DA4F3F8-E90E-43F6-BD39-33BC30C0E93B}.Debug|Any CPU.Build.0 = Debug|Any CPU
		{8DA4F3F8-E90E-43F6-BD39-33BC30C0E93B}.Release|Any CPU.ActiveCfg = Release|Any CPU
		{8DA4F3F8-E90E-43F6-BD39-33BC30C0E93B}.Release|Any CPU.Build.0 = Release|Any CPU
	EndGlobalSection
	GlobalSection(SolutionProperties) = preSolution
		HideSolutionNode = FALSE
	EndGlobalSection
	GlobalSection(ExtensibilityGlobals) = postSolution
		SolutionGuid = {380B4127-7440-4722-B65E-10D48740BCF3}
	EndGlobalSection
EndGlobal
