
Microsoft Visual Studio Solution File, Format Version 12.00
# Visual Studio Version 17
VisualStudioVersion = 17.14.36915.13 d17.14
MinimumVisualStudioVersion = 10.0.40219.1
Project("{FAE04EC0-301F-11D3-BF4B-00C04F79EFBC}") = "Ex5", "Ex5.csproj", "{9C6F296A-A01D-476E-98F6-139A41F8F07A}"
EndProject
Global
	GlobalSection(SolutionConfigurationPlatforms) = preSolution
		Debug|Any CPU = Debug|Any CPU
		Release|Any CPU = Release|Any CPU
	EndGlobalSection
	GlobalSection(ProjectConfigurationPlatforms) = postSolution
		{9C6F296A-A01D-476E-98F6-139A41F8F07A}.Debug|Any CPU.ActiveCfg = Debug|Any CPU
		{9C6F296A-A01D-476E-98F6-139A41F8F07A}.Debug|Any CPU.Build.0 = Debug|Any CPU
		{9C6F296A-A01D-476E-98F6-139A41F8F07A}.Release|Any CPU.ActiveCfg = Release|Any CPU
		{9C6F296A-A01D-476E-98F6-139A41F8F07A}.Release|Any CPU.Build.0 = Release|Any CPU
	EndGlobalSection
	GlobalSection(SolutionProperties) = preSolution
		HideSolutionNode = FALSE
	EndGlobalSection
	GlobalSection(ExtensibilityGlobals) = postSolution
		SolutionGuid = {8EBB2322-C408-4FA6-986B-ECF71B992CAC}
	EndGlobalSection
EndGlobal
