
Microsoft Visual Studio Solution File, Format Version 12.00
# Visual Studio Version 17
VisualStudioVersion = 17.14.36915.13 d17.14
MinimumVisualStudioVersion = 10.0.40219.1
Project("{FAE04EC0-301F-11D3-BF4B-00C04F79EFBC}") = "Ex4", "Ex4.csproj", "{1F90BB10-8016-4FCC-9A98-B6FA88806835}"
EndProject
Global
	GlobalSection(SolutionConfigurationPlatforms) = preSolution
		Debug|Any CPU = Debug|Any CPU
		Release|Any CPU = Release|Any CPU
	EndGlobalSection
	GlobalSection(ProjectConfigurationPlatforms) = postSolution
		{1F90BB10-8016-4FCC-9A98-B6FA88806835}.Debug|Any CPU.ActiveCfg = Debug|Any CPU
		{1F90BB10-8016-4FCC-9A98-B6FA88806835}.Debug|Any CPU.Build.0 = Debug|Any CPU
		{1F90BB10-8016-4FCC-9A98-B6FA88806835}.Release|Any CPU.ActiveCfg = Release|Any CPU
		{1F90BB10-8016-4FCC-9A98-B6FA88806835}.Release|Any CPU.Build.0 = Release|Any CPU
	EndGlobalSection
	GlobalSection(SolutionProperties) = preSolution
		HideSolutionNode = FALSE
	EndGlobalSection
	GlobalSection(ExtensibilityGlobals) = postSolution
		SolutionGuid = {BD3708CC-5FD0-4EB5-9E9E-1E6A427D8B5D}
	EndGlobalSection
EndGlobal
